
Microsoft Visual Studio Solution File, Format Version 11.00
# Visual Studio 2010
Project("{FAE04EC0-301F-11D3-BF4B-00C04F79EFBC}") = "PhotonUnityNetworking.Utilities", "PhotonUnityNetworking.Utilities.csproj", "{DAB53565-A4E6-8D7A-52FB-C36DBF30C0ED}"
EndProject
Project("{FAE04EC0-301F-11D3-BF4B-00C04F79EFBC}") = "Assembly-CSharp", "Assembly-CSharp.csproj", "{BC985353-34CD-4581-3EF3-738E1D43358B}"
EndProject
Project("{FAE04EC0-301F-11D3-BF4B-00C04F79EFBC}") = "PhotonVoice.API", "PhotonVoice.API.csproj", "{7654E311-1D57-F9BC-E9EA-19393008505F}"
EndProject
Project("{FAE04EC0-301F-11D3-BF4B-00C04F79EFBC}") = "PhotonVoice", "PhotonVoice.csproj", "{9B76F280-63AD-94E0-40FA-DCF6850ACBD2}"
EndProject
Project("{FAE04EC0-301F-11D3-BF4B-00C04F79EFBC}") = "PhotonUnityNetworking.Demos", "PhotonUnityNetworking.Demos.csproj", "{10E87A7F-4E60-F80A-893A-A124A6835BAF}"
EndProject
Project("{FAE04EC0-301F-11D3-BF4B-00C04F79EFBC}") = "PhotonUnityNetworking", "PhotonUnityNetworking.csproj", "{3FFEB647-2D46-1E1D-800A-C7FE2E702F32}"
EndProject
Project("{FAE04EC0-301F-11D3-BF4B-00C04F79EFBC}") = "PhotonChat", "PhotonChat.csproj", "{0C147A7C-F0B6-2A5F-D0CB-F543DA60DCAF}"
EndProject
Project("{FAE04EC0-301F-11D3-BF4B-00C04F79EFBC}") = "PhotonWebSocket", "PhotonWebSocket.csproj", "{49EE97B9-5A33-AC14-9453-0D4E416DF6D2}"
EndProject
Project("{FAE04EC0-301F-11D3-BF4B-00C04F79EFBC}") = "PhotonRealtime", "PhotonRealtime.csproj", "{FB804D98-995F-A28E-558B-E80DAD4C0775}"
EndProject
Project("{FAE04EC0-301F-11D3-BF4B-00C04F79EFBC}") = "PhotonVoice.PUN", "PhotonVoice.PUN.csproj", "{31B22AC2-378A-8326-D6FB-5F54EB5B1818}"
EndProject
Project("{FAE04EC0-301F-11D3-BF4B-00C04F79EFBC}") = "Assembly-CSharp-firstpass", "Assembly-CSharp-firstpass.csproj", "{C77235D6-E696-013F-5366-B5088BA660CD}"
EndProject
Project("{FAE04EC0-301F-11D3-BF4B-00C04F79EFBC}") = "PhotonUnityNetworking.Editor", "PhotonUnityNetworking.Editor.csproj", "{8B92B63D-F4F1-C7CD-4B3F-94967F2AAEE5}"
EndProject
Project("{FAE04EC0-301F-11D3-BF4B-00C04F79EFBC}") = "PhotonVoice.Editor", "PhotonVoice.Editor.csproj", "{98217C4C-50ED-943F-E6EE-80FE2738C693}"
EndProject
Project("{FAE04EC0-301F-11D3-BF4B-00C04F79EFBC}") = "Assembly-CSharp-Editor", "Assembly-CSharp-Editor.csproj", "{26C29595-25C6-B98D-2B83-AC5C9A6E1699}"
EndProject
Project("{FAE04EC0-301F-11D3-BF4B-00C04F79EFBC}") = "PhotonUnityNetworking.Utilities.PhotonPlayer.Editor", "PhotonUnityNetworking.Utilities.PhotonPlayer.Editor.csproj", "{E88D01B5-E973-21D8-2F90-06DF3075EA22}"
EndProject
Project("{FAE04EC0-301F-11D3-BF4B-00C04F79EFBC}") = "PunDemos.DemoSlotcarEditor", "PunDemos.DemoSlotcarEditor.csproj", "{5FAC6CE9-D476-79A5-4614-1AEA2CB791CD}"
EndProject
Project("{FAE04EC0-301F-11D3-BF4B-00C04F79EFBC}") = "PhotonUnityNetworking.Utilities.Culling.Editor", "PhotonUnityNetworking.Utilities.Culling.Editor.csproj", "{9FFD7710-4A74-D977-4F52-1263EF2736D6}"
EndProject
Project("{FAE04EC0-301F-11D3-BF4B-00C04F79EFBC}") = "PunDemos.DemoHubEditor", "PunDemos.DemoHubEditor.csproj", "{E6E09B7E-D77F-672A-0B8C-5544DBBB9FFC}"
EndProject
Project("{FAE04EC0-301F-11D3-BF4B-00C04F79EFBC}") = "PhotonVoice.Utilities.Editor", "PhotonVoice.Utilities.Editor.csproj", "{E8C56827-7E92-AF8B-2078-B32D5D208D0C}"
EndProject
Project("{FAE04EC0-301F-11D3-BF4B-00C04F79EFBC}") = "PhotonVoice.PUN.Editor", "PhotonVoice.PUN.Editor.csproj", "{DC64E90F-23C6-7FB9-2EB6-87588B0252F0}"
EndProject
Global
	GlobalSection(SolutionConfigurationPlatforms) = preSolution
		Debug|Any CPU = Debug|Any CPU
		Release|Any CPU = Release|Any CPU
	EndGlobalSection
	GlobalSection(ProjectConfigurationPlatforms) = postSolution
		{DAB53565-A4E6-8D7A-52FB-C36DBF30C0ED}.Debug|Any CPU.ActiveCfg = Debug|Any CPU
		{DAB53565-A4E6-8D7A-52FB-C36DBF30C0ED}.Debug|Any CPU.Build.0 = Debug|Any CPU
		{DAB53565-A4E6-8D7A-52FB-C36DBF30C0ED}.Release|Any CPU.ActiveCfg = Release|Any CPU
		{DAB53565-A4E6-8D7A-52FB-C36DBF30C0ED}.Release|Any CPU.Build.0 = Release|Any CPU
		{BC985353-34CD-4581-3EF3-738E1D43358B}.Debug|Any CPU.ActiveCfg = Debug|Any CPU
		{BC985353-34CD-4581-3EF3-738E1D43358B}.Debug|Any CPU.Build.0 = Debug|Any CPU
		{BC985353-34CD-4581-3EF3-738E1D43358B}.Release|Any CPU.ActiveCfg = Release|Any CPU
		{BC985353-34CD-4581-3EF3-738E1D43358B}.Release|Any CPU.Build.0 = Release|Any CPU
		{7654E311-1D57-F9BC-E9EA-19393008505F}.Debug|Any CPU.ActiveCfg = Debug|Any CPU
		{7654E311-1D57-F9BC-E9EA-19393008505F}.Debug|Any CPU.Build.0 = Debug|Any CPU
		{7654E311-1D57-F9BC-E9EA-19393008505F}.Release|Any CPU.ActiveCfg = Release|Any CPU
		{7654E311-1D57-F9BC-E9EA-19393008505F}.Release|Any CPU.Build.0 = Release|Any CPU
		{9B76F280-63AD-94E0-40FA-DCF6850ACBD2}.Debug|Any CPU.ActiveCfg = Debug|Any CPU
		{9B76F280-63AD-94E0-40FA-DCF6850ACBD2}.Debug|Any CPU.Build.0 = Debug|Any CPU
		{9B76F280-63AD-94E0-40FA-DCF6850ACBD2}.Release|Any CPU.ActiveCfg = Release|Any CPU
		{9B76F280-63AD-94E0-40FA-DCF6850ACBD2}.Release|Any CPU.Build.0 = Release|Any CPU
		{10E87A7F-4E60-F80A-893A-A124A6835BAF}.Debug|Any CPU.ActiveCfg = Debug|Any CPU
		{10E87A7F-4E60-F80A-893A-A124A6835BAF}.Debug|Any CPU.Build.0 = Debug|Any CPU
		{10E87A7F-4E60-F80A-893A-A124A6835BAF}.Release|Any CPU.ActiveCfg = Release|Any CPU
		{10E87A7F-4E60-F80A-893A-A124A6835BAF}.Release|Any CPU.Build.0 = Release|Any CPU
		{3FFEB647-2D46-1E1D-800A-C7FE2E702F32}.Debug|Any CPU.ActiveCfg = Debug|Any CPU
		{3FFEB647-2D46-1E1D-800A-C7FE2E702F32}.Debug|Any CPU.Build.0 = Debug|Any CPU
		{3FFEB647-2D46-1E1D-800A-C7FE2E702F32}.Release|Any CPU.ActiveCfg = Release|Any CPU
		{3FFEB647-2D46-1E1D-800A-C7FE2E702F32}.Release|Any CPU.Build.0 = Release|Any CPU
		{0C147A7C-F0B6-2A5F-D0CB-F543DA60DCAF}.Debug|Any CPU.ActiveCfg = Debug|Any CPU
		{0C147A7C-F0B6-2A5F-D0CB-F543DA60DCAF}.Debug|Any CPU.Build.0 = Debug|Any CPU
		{0C147A7C-F0B6-2A5F-D0CB-F543DA60DCAF}.Release|Any CPU.ActiveCfg = Release|Any CPU
		{0C147A7C-F0B6-2A5F-D0CB-F543DA60DCAF}.Release|Any CPU.Build.0 = Release|Any CPU
		{49EE97B9-5A33-AC14-9453-0D4E416DF6D2}.Debug|Any CPU.ActiveCfg = Debug|Any CPU
		{49EE97B9-5A33-AC14-9453-0D4E416DF6D2}.Debug|Any CPU.Build.0 = Debug|Any CPU
		{49EE97B9-5A33-AC14-9453-0D4E416DF6D2}.Release|Any CPU.ActiveCfg = Release|Any CPU
		{49EE97B9-5A33-AC14-9453-0D4E416DF6D2}.Release|Any CPU.Build.0 = Release|Any CPU
		{FB804D98-995F-A28E-558B-E80DAD4C0775}.Debug|Any CPU.ActiveCfg = Debug|Any CPU
		{FB804D98-995F-A28E-558B-E80DAD4C0775}.Debug|Any CPU.Build.0 = Debug|Any CPU
		{FB804D98-995F-A28E-558B-E80DAD4C0775}.Release|Any CPU.ActiveCfg = Release|Any CPU
		{FB804D98-995F-A28E-558B-E80DAD4C0775}.Release|Any CPU.Build.0 = Release|Any CPU
		{31B22AC2-378A-8326-D6FB-5F54EB5B1818}.Debug|Any CPU.ActiveCfg = Debug|Any CPU
		{31B22AC2-378A-8326-D6FB-5F54EB5B1818}.Debug|Any CPU.Build.0 = Debug|Any CPU
		{31B22AC2-378A-8326-D6FB-5F54EB5B1818}.Release|Any CPU.ActiveCfg = Release|Any CPU
		{31B22AC2-378A-8326-D6FB-5F54EB5B1818}.Release|Any CPU.Build.0 = Release|Any CPU
		{C77235D6-E696-013F-5366-B5088BA660CD}.Debug|Any CPU.ActiveCfg = Debug|Any CPU
		{C77235D6-E696-013F-5366-B5088BA660CD}.Debug|Any CPU.Build.0 = Debug|Any CPU
		{C77235D6-E696-013F-5366-B5088BA660CD}.Release|Any CPU.ActiveCfg = Release|Any CPU
		{C77235D6-E696-013F-5366-B5088BA660CD}.Release|Any CPU.Build.0 = Release|Any CPU
		{8B92B63D-F4F1-C7CD-4B3F-94967F2AAEE5}.Debug|Any CPU.ActiveCfg = Debug|Any CPU
		{8B92B63D-F4F1-C7CD-4B3F-94967F2AAEE5}.Debug|Any CPU.Build.0 = Debug|Any CPU
		{8B92B63D-F4F1-C7CD-4B3F-94967F2AAEE5}.Release|Any CPU.ActiveCfg = Release|Any CPU
		{8B92B63D-F4F1-C7CD-4B3F-94967F2AAEE5}.Release|Any CPU.Build.0 = Release|Any CPU
		{98217C4C-50ED-943F-E6EE-80FE2738C693}.Debug|Any CPU.ActiveCfg = Debug|Any CPU
		{98217C4C-50ED-943F-E6EE-80FE2738C693}.Debug|Any CPU.Build.0 = Debug|Any CPU
		{98217C4C-50ED-943F-E6EE-80FE2738C693}.Release|Any CPU.ActiveCfg = Release|Any CPU
		{98217C4C-50ED-943F-E6EE-80FE2738C693}.Release|Any CPU.Build.0 = Release|Any CPU
		{26C29595-25C6-B98D-2B83-AC5C9A6E1699}.Debug|Any CPU.ActiveCfg = Debug|Any CPU
		{26C29595-25C6-B98D-2B83-AC5C9A6E1699}.Debug|Any CPU.Build.0 = Debug|Any CPU
		{26C29595-25C6-B98D-2B83-AC5C9A6E1699}.Release|Any CPU.ActiveCfg = Release|Any CPU
		{26C29595-25C6-B98D-2B83-AC5C9A6E1699}.Release|Any CPU.Build.0 = Release|Any CPU
		{E88D01B5-E973-21D8-2F90-06DF3075EA22}.Debug|Any CPU.ActiveCfg = Debug|Any CPU
		{E88D01B5-E973-21D8-2F90-06DF3075EA22}.Debug|Any CPU.Build.0 = Debug|Any CPU
		{E88D01B5-E973-21D8-2F90-06DF3075EA22}.Release|Any CPU.ActiveCfg = Release|Any CPU
		{E88D01B5-E973-21D8-2F90-06DF3075EA22}.Release|Any CPU.Build.0 = Release|Any CPU
		{5FAC6CE9-D476-79A5-4614-1AEA2CB791CD}.Debug|Any CPU.ActiveCfg = Debug|Any CPU
		{5FAC6CE9-D476-79A5-4614-1AEA2CB791CD}.Debug|Any CPU.Build.0 = Debug|Any CPU
		{5FAC6CE9-D476-79A5-4614-1AEA2CB791CD}.Release|Any CPU.ActiveCfg = Release|Any CPU
		{5FAC6CE9-D476-79A5-4614-1AEA2CB791CD}.Release|Any CPU.Build.0 = Release|Any CPU
		{9FFD7710-4A74-D977-4F52-1263EF2736D6}.Debug|Any CPU.ActiveCfg = Debug|Any CPU
		{9FFD7710-4A74-D977-4F52-1263EF2736D6}.Debug|Any CPU.Build.0 = Debug|Any CPU
		{9FFD7710-4A74-D977-4F52-1263EF2736D6}.Release|Any CPU.ActiveCfg = Release|Any CPU
		{9FFD7710-4A74-D977-4F52-1263EF2736D6}.Release|Any CPU.Build.0 = Release|Any CPU
		{E6E09B7E-D77F-672A-0B8C-5544DBBB9FFC}.Debug|Any CPU.ActiveCfg = Debug|Any CPU
		{E6E09B7E-D77F-672A-0B8C-5544DBBB9FFC}.Debug|Any CPU.Build.0 = Debug|Any CPU
		{E6E09B7E-D77F-672A-0B8C-5544DBBB9FFC}.Release|Any CPU.ActiveCfg = Release|Any CPU
		{E6E09B7E-D77F-672A-0B8C-5544DBBB9FFC}.Release|Any CPU.Build.0 = Release|Any CPU
		{E8C56827-7E92-AF8B-2078-B32D5D208D0C}.Debug|Any CPU.ActiveCfg = Debug|Any CPU
		{E8C56827-7E92-AF8B-2078-B32D5D208D0C}.Debug|Any CPU.Build.0 = Debug|Any CPU
		{E8C56827-7E92-AF8B-2078-B32D5D208D0C}.Release|Any CPU.ActiveCfg = Release|Any CPU
		{E8C56827-7E92-AF8B-2078-B32D5D208D0C}.Release|Any CPU.Build.0 = Release|Any CPU
		{DC64E90F-23C6-7FB9-2EB6-87588B0252F0}.Debug|Any CPU.ActiveCfg = Debug|Any CPU
		{DC64E90F-23C6-7FB9-2EB6-87588B0252F0}.Debug|Any CPU.Build.0 = Debug|Any CPU
		{DC64E90F-23C6-7FB9-2EB6-87588B0252F0}.Release|Any CPU.ActiveCfg = Release|Any CPU
		{DC64E90F-23C6-7FB9-2EB6-87588B0252F0}.Release|Any CPU.Build.0 = Release|Any CPU
	EndGlobalSection
	GlobalSection(SolutionProperties) = preSolution
		HideSolutionNode = FALSE
	EndGlobalSection
EndGlobal
