
Microsoft Visual Studio Solution File, Format Version 12.00
# Visual Studio 15
Project("{FAE04EC0-301F-11D3-BF4B-00C04F79EFBC}") = "Assembly-CSharp", "Assembly-CSharp.csproj", "{F55035EF-CFF3-77E9-70E7-A4A2404EFC43}"
EndProject
Project("{FAE04EC0-301F-11D3-BF4B-00C04F79EFBC}") = "PhotonUnityNetworking.Demos", "PhotonUnityNetworking.Demos.csproj", "{00B22A1C-1FBA-D7D9-CFA5-DDDFAFB9FD3D}"
EndProject
Project("{FAE04EC0-301F-11D3-BF4B-00C04F79EFBC}") = "PhotonUnityNetworking.Utilities", "PhotonUnityNetworking.Utilities.csproj", "{86F74634-CAC6-DA41-AFA3-1A8219D8E056}"
EndProject
Project("{FAE04EC0-301F-11D3-BF4B-00C04F79EFBC}") = "PhotonVoice.API", "PhotonVoice.API.csproj", "{17E59673-9980-A129-CF94-ACFA8515EA68}"
EndProject
Project("{FAE04EC0-301F-11D3-BF4B-00C04F79EFBC}") = "PhotonChat", "PhotonChat.csproj", "{5640EAD2-5474-A57B-4245-63885C552D7A}"
EndProject
Project("{FAE04EC0-301F-11D3-BF4B-00C04F79EFBC}") = "PhotonUnityNetworking", "PhotonUnityNetworking.csproj", "{F50964E8-A34B-95B7-D7CA-FEC0CF01C11F}"
EndProject
Project("{FAE04EC0-301F-11D3-BF4B-00C04F79EFBC}") = "PhotonRealtime", "PhotonRealtime.csproj", "{E7DA29E9-570A-A2EF-2DA4-BC8999EC6360}"
EndProject
Project("{FAE04EC0-301F-11D3-BF4B-00C04F79EFBC}") = "PhotonVoice", "PhotonVoice.csproj", "{C80B2578-EE35-F1FD-97AA-47FD1D6C3C50}"
EndProject
Project("{FAE04EC0-301F-11D3-BF4B-00C04F79EFBC}") = "PhotonWebSocket", "PhotonWebSocket.csproj", "{405BA54F-FC35-1273-C51B-32FAD1AEFC41}"
EndProject
Project("{FAE04EC0-301F-11D3-BF4B-00C04F79EFBC}") = "PhotonVoice.PUN", "PhotonVoice.PUN.csproj", "{31479D65-D6CF-367D-38CC-000479C7AC8B}"
EndProject
Project("{FAE04EC0-301F-11D3-BF4B-00C04F79EFBC}") = "Assembly-CSharp-Editor", "Assembly-CSharp-Editor.csproj", "{81C96C6F-97DB-7BE4-F381-AE90D957AF4A}"
EndProject
Project("{FAE04EC0-301F-11D3-BF4B-00C04F79EFBC}") = "PhotonVoice.Editor", "PhotonVoice.Editor.csproj", "{520722CD-9C96-0109-6C11-E7D483F548F9}"
EndProject
Project("{FAE04EC0-301F-11D3-BF4B-00C04F79EFBC}") = "PhotonUnityNetworking.Editor", "PhotonUnityNetworking.Editor.csproj", "{A465F400-803A-4941-160B-51963E74B4EF}"
EndProject
Project("{FAE04EC0-301F-11D3-BF4B-00C04F79EFBC}") = "PhotonVoice.Utilities.Editor", "PhotonVoice.Utilities.Editor.csproj", "{34346AD1-0D4A-C1FC-DDD6-338EF887F517}"
EndProject
Project("{FAE04EC0-301F-11D3-BF4B-00C04F79EFBC}") = "PunDemos.DemoHubEditor", "PunDemos.DemoHubEditor.csproj", "{ED902E06-2433-AFA3-9446-60FDD427DA2A}"
EndProject
Project("{FAE04EC0-301F-11D3-BF4B-00C04F79EFBC}") = "PhotonUnityNetworking.Utilities.PhotonPlayer.Editor", "PhotonUnityNetworking.Utilities.PhotonPlayer.Editor.csproj", "{556A5B2C-6A08-5AD8-D35D-E21A09055667}"
EndProject
Project("{FAE04EC0-301F-11D3-BF4B-00C04F79EFBC}") = "PhotonUnityNetworking.Utilities.Culling.Editor", "PhotonUnityNetworking.Utilities.Culling.Editor.csproj", "{885223E0-B661-6C7C-5D65-9B701FC06602}"
EndProject
Project("{FAE04EC0-301F-11D3-BF4B-00C04F79EFBC}") = "PunDemos.DemoSlotcarEditor", "PunDemos.DemoSlotcarEditor.csproj", "{40686567-8997-A2DD-5BDF-48ADFD305D0F}"
EndProject
Project("{FAE04EC0-301F-11D3-BF4B-00C04F79EFBC}") = "PhotonVoice.PUN.Editor", "PhotonVoice.PUN.Editor.csproj", "{1D8A2553-376E-1323-6647-2B4E1366859B}"
EndProject
Global
	GlobalSection(SolutionConfigurationPlatforms) = preSolution
		Debug|Any CPU = Debug|Any CPU
		Release|Any CPU = Release|Any CPU
	EndGlobalSection
	GlobalSection(ProjectConfigurationPlatforms) = postSolution
		{F55035EF-CFF3-77E9-70E7-A4A2404EFC43}.Debug|Any CPU.ActiveCfg = Debug|Any CPU
		{F55035EF-CFF3-77E9-70E7-A4A2404EFC43}.Debug|Any CPU.Build.0 = Debug|Any CPU
		{F55035EF-CFF3-77E9-70E7-A4A2404EFC43}.Release|Any CPU.ActiveCfg = Release|Any CPU
		{F55035EF-CFF3-77E9-70E7-A4A2404EFC43}.Release|Any CPU.Build.0 = Release|Any CPU
		{00B22A1C-1FBA-D7D9-CFA5-DDDFAFB9FD3D}.Debug|Any CPU.ActiveCfg = Debug|Any CPU
		{00B22A1C-1FBA-D7D9-CFA5-DDDFAFB9FD3D}.Debug|Any CPU.Build.0 = Debug|Any CPU
		{00B22A1C-1FBA-D7D9-CFA5-DDDFAFB9FD3D}.Release|Any CPU.ActiveCfg = Release|Any CPU
		{00B22A1C-1FBA-D7D9-CFA5-DDDFAFB9FD3D}.Release|Any CPU.Build.0 = Release|Any CPU
		{86F74634-CAC6-DA41-AFA3-1A8219D8E056}.Debug|Any CPU.ActiveCfg = Debug|Any CPU
		{86F74634-CAC6-DA41-AFA3-1A8219D8E056}.Debug|Any CPU.Build.0 = Debug|Any CPU
		{86F74634-CAC6-DA41-AFA3-1A8219D8E056}.Release|Any CPU.ActiveCfg = Release|Any CPU
		{86F74634-CAC6-DA41-AFA3-1A8219D8E056}.Release|Any CPU.Build.0 = Release|Any CPU
		{17E59673-9980-A129-CF94-ACFA8515EA68}.Debug|Any CPU.ActiveCfg = Debug|Any CPU
		{17E59673-9980-A129-CF94-ACFA8515EA68}.Debug|Any CPU.Build.0 = Debug|Any CPU
		{17E59673-9980-A129-CF94-ACFA8515EA68}.Release|Any CPU.ActiveCfg = Release|Any CPU
		{17E59673-9980-A129-CF94-ACFA8515EA68}.Release|Any CPU.Build.0 = Release|Any CPU
		{5640EAD2-5474-A57B-4245-63885C552D7A}.Debug|Any CPU.ActiveCfg = Debug|Any CPU
		{5640EAD2-5474-A57B-4245-63885C552D7A}.Debug|Any CPU.Build.0 = Debug|Any CPU
		{5640EAD2-5474-A57B-4245-63885C552D7A}.Release|Any CPU.ActiveCfg = Release|Any CPU
		{5640EAD2-5474-A57B-4245-63885C552D7A}.Release|Any CPU.Build.0 = Release|Any CPU
		{F50964E8-A34B-95B7-D7CA-FEC0CF01C11F}.Debug|Any CPU.ActiveCfg = Debug|Any CPU
		{F50964E8-A34B-95B7-D7CA-FEC0CF01C11F}.Debug|Any CPU.Build.0 = Debug|Any CPU
		{F50964E8-A34B-95B7-D7CA-FEC0CF01C11F}.Release|Any CPU.ActiveCfg = Release|Any CPU
		{F50964E8-A34B-95B7-D7CA-FEC0CF01C11F}.Release|Any CPU.Build.0 = Release|Any CPU
		{E7DA29E9-570A-A2EF-2DA4-BC8999EC6360}.Debug|Any CPU.ActiveCfg = Debug|Any CPU
		{E7DA29E9-570A-A2EF-2DA4-BC8999EC6360}.Debug|Any CPU.Build.0 = Debug|Any CPU
		{E7DA29E9-570A-A2EF-2DA4-BC8999EC6360}.Release|Any CPU.ActiveCfg = Release|Any CPU
		{E7DA29E9-570A-A2EF-2DA4-BC8999EC6360}.Release|Any CPU.Build.0 = Release|Any CPU
		{C80B2578-EE35-F1FD-97AA-47FD1D6C3C50}.Debug|Any CPU.ActiveCfg = Debug|Any CPU
		{C80B2578-EE35-F1FD-97AA-47FD1D6C3C50}.Debug|Any CPU.Build.0 = Debug|Any CPU
		{C80B2578-EE35-F1FD-97AA-47FD1D6C3C50}.Release|Any CPU.ActiveCfg = Release|Any CPU
		{C80B2578-EE35-F1FD-97AA-47FD1D6C3C50}.Release|Any CPU.Build.0 = Release|Any CPU
		{405BA54F-FC35-1273-C51B-32FAD1AEFC41}.Debug|Any CPU.ActiveCfg = Debug|Any CPU
		{405BA54F-FC35-1273-C51B-32FAD1AEFC41}.Debug|Any CPU.Build.0 = Debug|Any CPU
		{405BA54F-FC35-1273-C51B-32FAD1AEFC41}.Release|Any CPU.ActiveCfg = Release|Any CPU
		{405BA54F-FC35-1273-C51B-32FAD1AEFC41}.Release|Any CPU.Build.0 = Release|Any CPU
		{31479D65-D6CF-367D-38CC-000479C7AC8B}.Debug|Any CPU.ActiveCfg = Debug|Any CPU
		{31479D65-D6CF-367D-38CC-000479C7AC8B}.Debug|Any CPU.Build.0 = Debug|Any CPU
		{31479D65-D6CF-367D-38CC-000479C7AC8B}.Release|Any CPU.ActiveCfg = Release|Any CPU
		{31479D65-D6CF-367D-38CC-000479C7AC8B}.Release|Any CPU.Build.0 = Release|Any CPU
		{81C96C6F-97DB-7BE4-F381-AE90D957AF4A}.Debug|Any CPU.ActiveCfg = Debug|Any CPU
		{81C96C6F-97DB-7BE4-F381-AE90D957AF4A}.Debug|Any CPU.Build.0 = Debug|Any CPU
		{81C96C6F-97DB-7BE4-F381-AE90D957AF4A}.Release|Any CPU.ActiveCfg = Release|Any CPU
		{81C96C6F-97DB-7BE4-F381-AE90D957AF4A}.Release|Any CPU.Build.0 = Release|Any CPU
		{520722CD-9C96-0109-6C11-E7D483F548F9}.Debug|Any CPU.ActiveCfg = Debug|Any CPU
		{520722CD-9C96-0109-6C11-E7D483F548F9}.Debug|Any CPU.Build.0 = Debug|Any CPU
		{520722CD-9C96-0109-6C11-E7D483F548F9}.Release|Any CPU.ActiveCfg = Release|Any CPU
		{520722CD-9C96-0109-6C11-E7D483F548F9}.Release|Any CPU.Build.0 = Release|Any CPU
		{A465F400-803A-4941-160B-51963E74B4EF}.Debug|Any CPU.ActiveCfg = Debug|Any CPU
		{A465F400-803A-4941-160B-51963E74B4EF}.Debug|Any CPU.Build.0 = Debug|Any CPU
		{A465F400-803A-4941-160B-51963E74B4EF}.Release|Any CPU.ActiveCfg = Release|Any CPU
		{A465F400-803A-4941-160B-51963E74B4EF}.Release|Any CPU.Build.0 = Release|Any CPU
		{34346AD1-0D4A-C1FC-DDD6-338EF887F517}.Debug|Any CPU.ActiveCfg = Debug|Any CPU
		{34346AD1-0D4A-C1FC-DDD6-338EF887F517}.Debug|Any CPU.Build.0 = Debug|Any CPU
		{34346AD1-0D4A-C1FC-DDD6-338EF887F517}.Release|Any CPU.ActiveCfg = Release|Any CPU
		{34346AD1-0D4A-C1FC-DDD6-338EF887F517}.Release|Any CPU.Build.0 = Release|Any CPU
		{ED902E06-2433-AFA3-9446-60FDD427DA2A}.Debug|Any CPU.ActiveCfg = Debug|Any CPU
		{ED902E06-2433-AFA3-9446-60FDD427DA2A}.Debug|Any CPU.Build.0 = Debug|Any CPU
		{ED902E06-2433-AFA3-9446-60FDD427DA2A}.Release|Any CPU.ActiveCfg = Release|Any CPU
		{ED902E06-2433-AFA3-9446-60FDD427DA2A}.Release|Any CPU.Build.0 = Release|Any CPU
		{556A5B2C-6A08-5AD8-D35D-E21A09055667}.Debug|Any CPU.ActiveCfg = Debug|Any CPU
		{556A5B2C-6A08-5AD8-D35D-E21A09055667}.Debug|Any CPU.Build.0 = Debug|Any CPU
		{556A5B2C-6A08-5AD8-D35D-E21A09055667}.Release|Any CPU.ActiveCfg = Release|Any CPU
		{556A5B2C-6A08-5AD8-D35D-E21A09055667}.Release|Any CPU.Build.0 = Release|Any CPU
		{885223E0-B661-6C7C-5D65-9B701FC06602}.Debug|Any CPU.ActiveCfg = Debug|Any CPU
		{885223E0-B661-6C7C-5D65-9B701FC06602}.Debug|Any CPU.Build.0 = Debug|Any CPU
		{885223E0-B661-6C7C-5D65-9B701FC06602}.Release|Any CPU.ActiveCfg = Release|Any CPU
		{885223E0-B661-6C7C-5D65-9B701FC06602}.Release|Any CPU.Build.0 = Release|Any CPU
		{40686567-8997-A2DD-5BDF-48ADFD305D0F}.Debug|Any CPU.ActiveCfg = Debug|Any CPU
		{40686567-8997-A2DD-5BDF-48ADFD305D0F}.Debug|Any CPU.Build.0 = Debug|Any CPU
		{40686567-8997-A2DD-5BDF-48ADFD305D0F}.Release|Any CPU.ActiveCfg = Release|Any CPU
		{40686567-8997-A2DD-5BDF-48ADFD305D0F}.Release|Any CPU.Build.0 = Release|Any CPU
		{1D8A2553-376E-1323-6647-2B4E1366859B}.Debug|Any CPU.ActiveCfg = Debug|Any CPU
		{1D8A2553-376E-1323-6647-2B4E1366859B}.Debug|Any CPU.Build.0 = Debug|Any CPU
		{1D8A2553-376E-1323-6647-2B4E1366859B}.Release|Any CPU.ActiveCfg = Release|Any CPU
		{1D8A2553-376E-1323-6647-2B4E1366859B}.Release|Any CPU.Build.0 = Release|Any CPU
	EndGlobalSection
	GlobalSection(SolutionProperties) = preSolution
		HideSolutionNode = FALSE
	EndGlobalSection
EndGlobal
