
Microsoft Visual Studio Solution File, Format Version 12.00
# Visual Studio 15
Project("{FAE04EC0-301F-11D3-BF4B-00C04F79EFBC}") = "Assembly-CSharp", "Assembly-CSharp.csproj", "{09796E7D-77F5-8133-232E-4C55A0AE7D97}"
EndProject
Project("{FAE04EC0-301F-11D3-BF4B-00C04F79EFBC}") = "PhotonUnityNetworking.Demos", "PhotonUnityNetworking.Demos.csproj", "{6235D015-0D57-757D-00A0-3C1081885B39}"
EndProject
Project("{FAE04EC0-301F-11D3-BF4B-00C04F79EFBC}") = "PhotonUnityNetworking.Utilities", "PhotonUnityNetworking.Utilities.csproj", "{28016B7E-726E-EF16-D051-72E1461A5569}"
EndProject
Project("{FAE04EC0-301F-11D3-BF4B-00C04F79EFBC}") = "PhotonVoice.API", "PhotonVoice.API.csproj", "{799F208C-68CE-B0A7-2487-6A3E46BDBD28}"
EndProject
Project("{FAE04EC0-301F-11D3-BF4B-00C04F79EFBC}") = "PhotonChat", "PhotonChat.csproj", "{80EF6810-3C28-5385-77A6-8330220F3DD8}"
EndProject
Project("{FAE04EC0-301F-11D3-BF4B-00C04F79EFBC}") = "PhotonUnityNetworking", "PhotonUnityNetworking.csproj", "{5CCB1AC7-8A9D-7D45-C8E9-75EA0B4363A0}"
EndProject
Project("{FAE04EC0-301F-11D3-BF4B-00C04F79EFBC}") = "PhotonRealtime", "PhotonRealtime.csproj", "{511A727D-F5CA-0650-1354-4BE669238D93}"
EndProject
Project("{FAE04EC0-301F-11D3-BF4B-00C04F79EFBC}") = "PhotonVoice", "PhotonVoice.csproj", "{8B065477-EF9F-8D69-5C2E-782D21C97057}"
EndProject
Project("{FAE04EC0-301F-11D3-BF4B-00C04F79EFBC}") = "PhotonWebSocket", "PhotonWebSocket.csproj", "{FB092B5B-B25D-6F52-67C0-F17B517F4A95}"
EndProject
Project("{FAE04EC0-301F-11D3-BF4B-00C04F79EFBC}") = "PhotonVoice.PUN", "PhotonVoice.PUN.csproj", "{F36AD1CF-7E46-2379-81A9-C14D21DA3E07}"
EndProject
Project("{FAE04EC0-301F-11D3-BF4B-00C04F79EFBC}") = "Assembly-CSharp-Editor", "Assembly-CSharp-Editor.csproj", "{A1B28415-463C-1B30-4CE5-413BBEAF7E1B}"
EndProject
Project("{FAE04EC0-301F-11D3-BF4B-00C04F79EFBC}") = "PhotonVoice.Editor", "PhotonVoice.Editor.csproj", "{51973DFF-D822-1F13-9FD0-1429B26D50C9}"
EndProject
Project("{FAE04EC0-301F-11D3-BF4B-00C04F79EFBC}") = "PhotonUnityNetworking.Editor", "PhotonUnityNetworking.Editor.csproj", "{A1A37227-D3F9-65EE-958A-4E8A4002B0D6}"
EndProject
Project("{FAE04EC0-301F-11D3-BF4B-00C04F79EFBC}") = "PhotonVoice.Utilities.Editor", "PhotonVoice.Utilities.Editor.csproj", "{4F5F305F-16D0-FDA1-823B-FF25224342B9}"
EndProject
Project("{FAE04EC0-301F-11D3-BF4B-00C04F79EFBC}") = "PunDemos.DemoHubEditor", "PunDemos.DemoHubEditor.csproj", "{971314F4-53E8-5F18-B7AE-7B6C15DB57C2}"
EndProject
Project("{FAE04EC0-301F-11D3-BF4B-00C04F79EFBC}") = "PhotonUnityNetworking.Utilities.PhotonPlayer.Editor", "PhotonUnityNetworking.Utilities.PhotonPlayer.Editor.csproj", "{4E1F5E94-1F4D-7542-CDC6-ABD06CFFFF19}"
EndProject
Project("{FAE04EC0-301F-11D3-BF4B-00C04F79EFBC}") = "PhotonUnityNetworking.Utilities.Culling.Editor", "PhotonUnityNetworking.Utilities.Culling.Editor.csproj", "{21D1F44B-8A99-68FE-8721-659B13340EB4}"
EndProject
Project("{FAE04EC0-301F-11D3-BF4B-00C04F79EFBC}") = "PunDemos.DemoSlotcarEditor", "PunDemos.DemoSlotcarEditor.csproj", "{88BB6DF5-FB0C-C268-D2C1-7D76B5168593}"
EndProject
Project("{FAE04EC0-301F-11D3-BF4B-00C04F79EFBC}") = "PhotonVoice.PUN.Editor", "PhotonVoice.PUN.Editor.csproj", "{10E5B999-0093-7874-48B8-DD93D0FB52EB}"
EndProject
Global
	GlobalSection(SolutionConfigurationPlatforms) = preSolution
		Debug|Any CPU = Debug|Any CPU
		Release|Any CPU = Release|Any CPU
	EndGlobalSection
	GlobalSection(ProjectConfigurationPlatforms) = postSolution
		{09796E7D-77F5-8133-232E-4C55A0AE7D97}.Debug|Any CPU.ActiveCfg = Debug|Any CPU
		{09796E7D-77F5-8133-232E-4C55A0AE7D97}.Debug|Any CPU.Build.0 = Debug|Any CPU
		{09796E7D-77F5-8133-232E-4C55A0AE7D97}.Release|Any CPU.ActiveCfg = Release|Any CPU
		{09796E7D-77F5-8133-232E-4C55A0AE7D97}.Release|Any CPU.Build.0 = Release|Any CPU
		{6235D015-0D57-757D-00A0-3C1081885B39}.Debug|Any CPU.ActiveCfg = Debug|Any CPU
		{6235D015-0D57-757D-00A0-3C1081885B39}.Debug|Any CPU.Build.0 = Debug|Any CPU
		{6235D015-0D57-757D-00A0-3C1081885B39}.Release|Any CPU.ActiveCfg = Release|Any CPU
		{6235D015-0D57-757D-00A0-3C1081885B39}.Release|Any CPU.Build.0 = Release|Any CPU
		{28016B7E-726E-EF16-D051-72E1461A5569}.Debug|Any CPU.ActiveCfg = Debug|Any CPU
		{28016B7E-726E-EF16-D051-72E1461A5569}.Debug|Any CPU.Build.0 = Debug|Any CPU
		{28016B7E-726E-EF16-D051-72E1461A5569}.Release|Any CPU.ActiveCfg = Release|Any CPU
		{28016B7E-726E-EF16-D051-72E1461A5569}.Release|Any CPU.Build.0 = Release|Any CPU
		{799F208C-68CE-B0A7-2487-6A3E46BDBD28}.Debug|Any CPU.ActiveCfg = Debug|Any CPU
		{799F208C-68CE-B0A7-2487-6A3E46BDBD28}.Debug|Any CPU.Build.0 = Debug|Any CPU
		{799F208C-68CE-B0A7-2487-6A3E46BDBD28}.Release|Any CPU.ActiveCfg = Release|Any CPU
		{799F208C-68CE-B0A7-2487-6A3E46BDBD28}.Release|Any CPU.Build.0 = Release|Any CPU
		{80EF6810-3C28-5385-77A6-8330220F3DD8}.Debug|Any CPU.ActiveCfg = Debug|Any CPU
		{80EF6810-3C28-5385-77A6-8330220F3DD8}.Debug|Any CPU.Build.0 = Debug|Any CPU
		{80EF6810-3C28-5385-77A6-8330220F3DD8}.Release|Any CPU.ActiveCfg = Release|Any CPU
		{80EF6810-3C28-5385-77A6-8330220F3DD8}.Release|Any CPU.Build.0 = Release|Any CPU
		{5CCB1AC7-8A9D-7D45-C8E9-75EA0B4363A0}.Debug|Any CPU.ActiveCfg = Debug|Any CPU
		{5CCB1AC7-8A9D-7D45-C8E9-75EA0B4363A0}.Debug|Any CPU.Build.0 = Debug|Any CPU
		{5CCB1AC7-8A9D-7D45-C8E9-75EA0B4363A0}.Release|Any CPU.ActiveCfg = Release|Any CPU
		{5CCB1AC7-8A9D-7D45-C8E9-75EA0B4363A0}.Release|Any CPU.Build.0 = Release|Any CPU
		{511A727D-F5CA-0650-1354-4BE669238D93}.Debug|Any CPU.ActiveCfg = Debug|Any CPU
		{511A727D-F5CA-0650-1354-4BE669238D93}.Debug|Any CPU.Build.0 = Debug|Any CPU
		{511A727D-F5CA-0650-1354-4BE669238D93}.Release|Any CPU.ActiveCfg = Release|Any CPU
		{511A727D-F5CA-0650-1354-4BE669238D93}.Release|Any CPU.Build.0 = Release|Any CPU
		{8B065477-EF9F-8D69-5C2E-782D21C97057}.Debug|Any CPU.ActiveCfg = Debug|Any CPU
		{8B065477-EF9F-8D69-5C2E-782D21C97057}.Debug|Any CPU.Build.0 = Debug|Any CPU
		{8B065477-EF9F-8D69-5C2E-782D21C97057}.Release|Any CPU.ActiveCfg = Release|Any CPU
		{8B065477-EF9F-8D69-5C2E-782D21C97057}.Release|Any CPU.Build.0 = Release|Any CPU
		{FB092B5B-B25D-6F52-67C0-F17B517F4A95}.Debug|Any CPU.ActiveCfg = Debug|Any CPU
		{FB092B5B-B25D-6F52-67C0-F17B517F4A95}.Debug|Any CPU.Build.0 = Debug|Any CPU
		{FB092B5B-B25D-6F52-67C0-F17B517F4A95}.Release|Any CPU.ActiveCfg = Release|Any CPU
		{FB092B5B-B25D-6F52-67C0-F17B517F4A95}.Release|Any CPU.Build.0 = Release|Any CPU
		{F36AD1CF-7E46-2379-81A9-C14D21DA3E07}.Debug|Any CPU.ActiveCfg = Debug|Any CPU
		{F36AD1CF-7E46-2379-81A9-C14D21DA3E07}.Debug|Any CPU.Build.0 = Debug|Any CPU
		{F36AD1CF-7E46-2379-81A9-C14D21DA3E07}.Release|Any CPU.ActiveCfg = Release|Any CPU
		{F36AD1CF-7E46-2379-81A9-C14D21DA3E07}.Release|Any CPU.Build.0 = Release|Any CPU
		{A1B28415-463C-1B30-4CE5-413BBEAF7E1B}.Debug|Any CPU.ActiveCfg = Debug|Any CPU
		{A1B28415-463C-1B30-4CE5-413BBEAF7E1B}.Debug|Any CPU.Build.0 = Debug|Any CPU
		{A1B28415-463C-1B30-4CE5-413BBEAF7E1B}.Release|Any CPU.ActiveCfg = Release|Any CPU
		{A1B28415-463C-1B30-4CE5-413BBEAF7E1B}.Release|Any CPU.Build.0 = Release|Any CPU
		{51973DFF-D822-1F13-9FD0-1429B26D50C9}.Debug|Any CPU.ActiveCfg = Debug|Any CPU
		{51973DFF-D822-1F13-9FD0-1429B26D50C9}.Debug|Any CPU.Build.0 = Debug|Any CPU
		{51973DFF-D822-1F13-9FD0-1429B26D50C9}.Release|Any CPU.ActiveCfg = Release|Any CPU
		{51973DFF-D822-1F13-9FD0-1429B26D50C9}.Release|Any CPU.Build.0 = Release|Any CPU
		{A1A37227-D3F9-65EE-958A-4E8A4002B0D6}.Debug|Any CPU.ActiveCfg = Debug|Any CPU
		{A1A37227-D3F9-65EE-958A-4E8A4002B0D6}.Debug|Any CPU.Build.0 = Debug|Any CPU
		{A1A37227-D3F9-65EE-958A-4E8A4002B0D6}.Release|Any CPU.ActiveCfg = Release|Any CPU
		{A1A37227-D3F9-65EE-958A-4E8A4002B0D6}.Release|Any CPU.Build.0 = Release|Any CPU
		{4F5F305F-16D0-FDA1-823B-FF25224342B9}.Debug|Any CPU.ActiveCfg = Debug|Any CPU
		{4F5F305F-16D0-FDA1-823B-FF25224342B9}.Debug|Any CPU.Build.0 = Debug|Any CPU
		{4F5F305F-16D0-FDA1-823B-FF25224342B9}.Release|Any CPU.ActiveCfg = Release|Any CPU
		{4F5F305F-16D0-FDA1-823B-FF25224342B9}.Release|Any CPU.Build.0 = Release|Any CPU
		{971314F4-53E8-5F18-B7AE-7B6C15DB57C2}.Debug|Any CPU.ActiveCfg = Debug|Any CPU
		{971314F4-53E8-5F18-B7AE-7B6C15DB57C2}.Debug|Any CPU.Build.0 = Debug|Any CPU
		{971314F4-53E8-5F18-B7AE-7B6C15DB57C2}.Release|Any CPU.ActiveCfg = Release|Any CPU
		{971314F4-53E8-5F18-B7AE-7B6C15DB57C2}.Release|Any CPU.Build.0 = Release|Any CPU
		{4E1F5E94-1F4D-7542-CDC6-ABD06CFFFF19}.Debug|Any CPU.ActiveCfg = Debug|Any CPU
		{4E1F5E94-1F4D-7542-CDC6-ABD06CFFFF19}.Debug|Any CPU.Build.0 = Debug|Any CPU
		{4E1F5E94-1F4D-7542-CDC6-ABD06CFFFF19}.Release|Any CPU.ActiveCfg = Release|Any CPU
		{4E1F5E94-1F4D-7542-CDC6-ABD06CFFFF19}.Release|Any CPU.Build.0 = Release|Any CPU
		{21D1F44B-8A99-68FE-8721-659B13340EB4}.Debug|Any CPU.ActiveCfg = Debug|Any CPU
		{21D1F44B-8A99-68FE-8721-659B13340EB4}.Debug|Any CPU.Build.0 = Debug|Any CPU
		{21D1F44B-8A99-68FE-8721-659B13340EB4}.Release|Any CPU.ActiveCfg = Release|Any CPU
		{21D1F44B-8A99-68FE-8721-659B13340EB4}.Release|Any CPU.Build.0 = Release|Any CPU
		{88BB6DF5-FB0C-C268-D2C1-7D76B5168593}.Debug|Any CPU.ActiveCfg = Debug|Any CPU
		{88BB6DF5-FB0C-C268-D2C1-7D76B5168593}.Debug|Any CPU.Build.0 = Debug|Any CPU
		{88BB6DF5-FB0C-C268-D2C1-7D76B5168593}.Release|Any CPU.ActiveCfg = Release|Any CPU
		{88BB6DF5-FB0C-C268-D2C1-7D76B5168593}.Release|Any CPU.Build.0 = Release|Any CPU
		{10E5B999-0093-7874-48B8-DD93D0FB52EB}.Debug|Any CPU.ActiveCfg = Debug|Any CPU
		{10E5B999-0093-7874-48B8-DD93D0FB52EB}.Debug|Any CPU.Build.0 = Debug|Any CPU
		{10E5B999-0093-7874-48B8-DD93D0FB52EB}.Release|Any CPU.ActiveCfg = Release|Any CPU
		{10E5B999-0093-7874-48B8-DD93D0FB52EB}.Release|Any CPU.Build.0 = Release|Any CPU
	EndGlobalSection
	GlobalSection(SolutionProperties) = preSolution
		HideSolutionNode = FALSE
	EndGlobalSection
EndGlobal
